// !$*UTF8*$!
{
	archiveVersion = 1;
	classes = {
	};
	objectVersion = 56;
	objects = {

/* Begin PBXBuildFile section */
		40EBD34F2A21F1ED0001C547 /* AppDelegate.swift in Sources */ = {isa = PBXBuildFile; fileRef = 40EBD34E2A21F1ED0001C547 /* AppDelegate.swift */; };
		40EBD3512A21F1ED0001C547 /* SceneDelegate.swift in Sources */ = {isa = PBXBuildFile; fileRef = 40EBD3502A21F1ED0001C547 /* SceneDelegate.swift */; };
		40EBD3532A21F1ED0001C547 /* ViewController.swift in Sources */ = {isa = PBXBuildFile; fileRef = 40EBD3522A21F1ED0001C547 /* ViewController.swift */; };
		40EBD3562A21F1EE0001C547 /* Main.storyboard in Resources */ = {isa = PBXBuildFile; fileRef = 40EBD3542A21F1EE0001C547 /* Main.storyboard */; };
		40EBD3582A21F1EF0001C547 /* Assets.xcassets in Resources */ = {isa = PBXBuildFile; fileRef = 40EBD3572A21F1EF0001C547 /* Assets.xcassets */; };
		40EBD35B2A21F1EF0001C547 /* LaunchScreen.storyboard in Resources */ = {isa = PBXBuildFile; fileRef = 40EBD3592A21F1EF0001C547 /* LaunchScreen.storyboard */; };
		40EBD3662A21F1EF0001C547 /* LearTableViewTests.swift in Sources */ = {isa = PBXBuildFile; fileRef = 40EBD3652A21F1EF0001C547 /* LearTableViewTests.swift */; };
		40EBD3702A21F1EF0001C547 /* LearTableViewUITests.swift in Sources */ = {isa = PBXBuildFile; fileRef = 40EBD36F2A21F1EF0001C547 /* LearTableViewUITests.swift */; };
		40EBD3722A21F1EF0001C547 /* LearTableViewUITestsLaunchTests.swift in Sources */ = {isa = PBXBuildFile; fileRef = 40EBD3712A21F1EF0001C547 /* LearTableViewUITestsLaunchTests.swift */; };
/* End PBXBuildFile section */

/* Begin PBXContainerItemProxy section */
		40EBD3622A21F1EF0001C547 /* PBXContainerItemProxy */ = {
			isa = PBXContainerItemProxy;
			containerPortal = 40EBD3432A21F1ED0001C547 /* Project object */;
			proxyType = 1;
			remoteGlobalIDString = 40EBD34A2A21F1ED0001C547;
			remoteInfo = LearTableView;
		};
		40EBD36C2A21F1EF0001C547 /* PBXContainerItemProxy */ = {
			isa = PBXContainerItemProxy;
			containerPortal = 40EBD3432A21F1ED0001C547 /* Project object */;
			proxyType = 1;
			remoteGlobalIDString = 40EBD34A2A21F1ED0001C547;
			remoteInfo = LearTableView;
		};
/* End PBXContainerItemProxy section */

/* Begin PBXFileReference section */
		40EBD34B2A21F1ED0001C547 /* LearTableView.app */ = {isa = PBXFileReference; explicitFileType = wrapper.application; includeInIndex = 0; path = LearTableView.app; sourceTree = BUILT_PRODUCTS_DIR; };
		40EBD34E2A21F1ED0001C547 /* AppDelegate.swift */ = {isa = PBXFileReference; lastKnownFileType = sourcecode.swift; path = AppDelegate.swift; sourceTree = "<group>"; };
		40EBD3502A21F1ED0001C547 /* SceneDelegate.swift */ = {isa = PBXFileReference; lastKnownFileType = sourcecode.swift; path = SceneDelegate.swift; sourceTree = "<group>"; };
		40EBD3522A21F1ED0001C547 /* ViewController.swift */ = {isa = PBXFileReference; lastKnownFileType = sourcecode.swift; path = ViewController.swift; sourceTree = "<group>"; };
		40EBD3552A21F1EE0001C547 /* Base */ = {isa = PBXFileReference; lastKnownFileType = file.storyboard; name = Base; path = Base.lproj/Main.storyboard; sourceTree = "<group>"; };
		40EBD3572A21F1EF0001C547 /* Assets.xcassets */ = {isa = PBXFileReference; lastKnownFileType = folder.assetcatalog; path = Assets.xcassets; sourceTree = "<group>"; };
		40EBD35A2A21F1EF0001C547 /* Base */ = {isa = PBXFileReference; lastKnownFileType = file.storyboard; name = Base; path = Base.lproj/LaunchScreen.storyboard; sourceTree = "<group>"; };
		40EBD35C2A21F1EF0001C547 /* Info.plist */ = {isa = PBXFileReference; lastKnownFileType = text.plist.xml; path = Info.plist; sourceTree = "<group>"; };
		40EBD3612A21F1EF0001C547 /* LearTableViewTests.xctest */ = {isa = PBXFileReference; explicitFileType = wrapper.cfbundle; includeInIndex = 0; path = LearTableViewTests.xctest; sourceTree = BUILT_PRODUCTS_DIR; };
		40EBD3652A21F1EF0001C547 /* LearTableViewTests.swift */ = {isa = PBXFileReference; lastKnownFileType = sourcecode.swift; path = LearTableViewTests.swift; sourceTree = "<group>"; };
		40EBD36B2A21F1EF0001C547 /* LearTableViewUITests.xctest */ = {isa = PBXFileReference; explicitFileType = wrapper.cfbundle; includeInIndex = 0; path = LearTableViewUITests.xctest; sourceTree = BUILT_PRODUCTS_DIR; };
		40EBD36F2A21F1EF0001C547 /* LearTableViewUITests.swift */ = {isa = PBXFileReference; lastKnownFileType = sourcecode.swift; path = LearTableViewUITests.swift; sourceTree = "<group>"; };
		40EBD3712A21F1EF0001C547 /* LearTableViewUITestsLaunchTests.swift */ = {isa = PBXFileReference; lastKnownFileType = sourcecode.swift; path = LearTableViewUITestsLaunchTests.swift; sourceTree = "<group>"; };
/* End PBXFileReference section */

/* Begin PBXFrameworksBuildPhase section */
		40EBD3482A21F1ED0001C547 /* Frameworks */ = {
			isa = PBXFrameworksBuildPhase;
			buildActionMask = 2147483647;
			files = (
			);
			runOnlyForDeploymentPostprocessing = 0;
		};
		40EBD35E2A21F1EF0001C547 /* Frameworks */ = {
			isa = PBXFrameworksBuildPhase;
			buildActionMask = 2147483647;
			files = (
			);
			runOnlyForDeploymentPostprocessing = 0;
		};
		40EBD3682A21F1EF0001C547 /* Frameworks */ = {
			isa = PBXFrameworksBuildPhase;
			buildActionMask = 2147483647;
			files = (
			);
			runOnlyForDeploymentPostprocessing = 0;
		};
/* End PBXFrameworksBuildPhase section */

/* Begin PBXGroup section */
		40EBD3422A21F1ED0001C547 = {
			isa = PBXGroup;
			children = (
				40EBD34D2A21F1ED0001C547 /* LearTableView */,
				40EBD3642A21F1EF0001C547 /* LearTableViewTests */,
				40EBD36E2A21F1EF0001C547 /* LearTableViewUITests */,
				40EBD34C2A21F1ED0001C547 /* Products */,
			);
			sourceTree = "<group>";
		};
		40EBD34C2A21F1ED0001C547 /* Products */ = {
			isa = PBXGroup;
			children = (
				40EBD34B2A21F1ED0001C547 /* LearTableView.app */,
				40EBD3612A21F1EF0001C547 /* LearTableViewTests.xctest */,
				40EBD36B2A21F1EF0001C547 /* LearTableViewUITests.xctest */,
			);
			name = Products;
			sourceTree = "<group>";
		};
		40EBD34D2A21F1ED0001C547 /* LearTableView */ = {
			isa = PBXGroup;
			children = (
				40EBD34E2A21F1ED0001C547 /* AppDelegate.swift */,
				40EBD3502A21F1ED0001C547 /* SceneDelegate.swift */,
				40EBD3522A21F1ED0001C547 /* ViewController.swift */,
				40EBD3542A21F1EE0001C547 /* Main.storyboard */,
				40EBD3572A21F1EF0001C547 /* Assets.xcassets */,
				40EBD3592A21F1EF0001C547 /* LaunchScreen.storyboard */,
				40EBD35C2A21F1EF0001C547 /* Info.plist */,
			);
			path = LearTableView;
			sourceTree = "<group>";
		};
		40EBD3642A21F1EF0001C547 /* LearTableViewTests */ = {
			isa = PBXGroup;
			children = (
				40EBD3652A21F1EF0001C547 /* LearTableViewTests.swift */,
			);
			path = LearTableViewTests;
			sourceTree = "<group>";
		};
		40EBD36E2A21F1EF0001C547 /* LearTableViewUITests */ = {
			isa = PBXGroup;
			children = (
				40EBD36F2A21F1EF0001C547 /* LearTableViewUITests.swift */,
				40EBD3712A21F1EF0001C547 /* LearTableViewUITestsLaunchTests.swift */,
			);
			path = LearTableViewUITests;
			sourceTree = "<group>";
		};
/* End PBXGroup section */

/* Begin PBXNativeTarget section */
		40EBD34A2A21F1ED0001C547 /* LearTableView */ = {
			isa = PBXNativeTarget;
			buildConfigurationList = 40EBD3752A21F1EF0001C547 /* Build configuration list for PBXNativeTarget "LearTableView" */;
			buildPhases = (
				40EBD3472A21F1ED0001C547 /* Sources */,
				40EBD3482A21F1ED0001C547 /* Frameworks */,
				40EBD3492A21F1ED0001C547 /* Resources */,
			);
			buildRules = (
			);
			dependencies = (
			);
			name = LearTableView;
			productName = LearTableView;
			productReference = 40EBD34B2A21F1ED0001C547 /* LearTableView.app */;
			productType = "com.apple.product-type.application";
		};
		40EBD3602A21F1EF0001C547 /* LearTableViewTests */ = {
			isa = PBXNativeTarget;
			buildConfigurationList = 40EBD3782A21F1EF0001C547 /* Build configuration list for PBXNativeTarget "LearTableViewTests" */;
			buildPhases = (
				40EBD35D2A21F1EF0001C547 /* Sources */,
				40EBD35E2A21F1EF0001C547 /* Frameworks */,
				40EBD35F2A21F1EF0001C547 /* Resources */,
			);
			buildRules = (
			);
			dependencies = (
				40EBD3632A21F1EF0001C547 /* PBXTargetDependency */,
			);
			name = LearTableViewTests;
			productName = LearTableViewTests;
			productReference = 40EBD3612A21F1EF0001C547 /* LearTableViewTests.xctest */;
			productType = "com.apple.product-type.bundle.unit-test";
		};
		40EBD36A2A21F1EF0001C547 /* LearTableViewUITests */ = {
			isa = PBXNativeTarget;
			buildConfigurationList = 40EBD37B2A21F1EF0001C547 /* Build configuration list for PBXNativeTarget "LearTableViewUITests" */;
			buildPhases = (
				40EBD3672A21F1EF0001C547 /* Sources */,
				40EBD3682A21F1EF0001C547 /* Frameworks */,
				40EBD3692A21F1EF0001C547 /* Resources */,
			);
			buildRules = (
			);
			dependencies = (
				40EBD36D2A21F1EF0001C547 /* PBXTargetDependency */,
			);
			name = LearTableViewUITests;
			productName = LearTableViewUITests;
			productReference = 40EBD36B2A21F1EF0001C547 /* LearTableViewUITests.xctest */;
			productType = "com.apple.product-type.bundle.ui-testing";
		};
/* End PBXNativeTarget section */

/* Begin PBXProject section */
		40EBD3432A21F1ED0001C547 /* Project object */ = {
			isa = PBXProject;
			attributes = {
				BuildIndependentTargetsInParallel = 1;
				LastSwiftUpdateCheck = 1430;
				LastUpgradeCheck = 1430;
				TargetAttributes = {
					40EBD34A2A21F1ED0001C547 = {
						CreatedOnToolsVersion = 14.3;
					};
					40EBD3602A21F1EF0001C547 = {
						CreatedOnToolsVersion = 14.3;
						TestTargetID = 40EBD34A2A21F1ED0001C547;
					};
					40EBD36A2A21F1EF0001C547 = {
						CreatedOnToolsVersion = 14.3;
						TestTargetID = 40EBD34A2A21F1ED0001C547;
					};
				};
			};
			buildConfigurationList = 40EBD3462A21F1ED0001C547 /* Build configuration list for PBXProject "LearTableView" */;
			compatibilityVersion = "Xcode 14.0";
			developmentRegion = en;
			hasScannedForEncodings = 0;
			knownRegions = (
				en,
				Base,
			);
			mainGroup = 40EBD3422A21F1ED0001C547;
			productRefGroup = 40EBD34C2A21F1ED0001C547 /* Products */;
			projectDirPath = "";
			projectRoot = "";
			targets = (
				40EBD34A2A21F1ED0001C547 /* LearTableView */,
				40EBD3602A21F1EF0001C547 /* LearTableViewTests */,
				40EBD36A2A21F1EF0001C547 /* LearTableViewUITests */,
			);
		};
/* End PBXProject section */

/* Begin PBXResourcesBuildPhase section */
		40EBD3492A21F1ED0001C547 /* Resources */ = {
			isa = PBXResourcesBuildPhase;
			buildActionMask = 2147483647;
			files = (
				40EBD35B2A21F1EF0001C547 /* LaunchScreen.storyboard in Resources */,
				40EBD3582A21F1EF0001C547 /* Assets.xcassets in Resources */,
				40EBD3562A21F1EE0001C547 /* Main.storyboard in Resources */,
			);
			runOnlyForDeploymentPostprocessing = 0;
		};
		40EBD35F2A21F1EF0001C547 /* Resources */ = {
			isa = PBXResourcesBuildPhase;
			buildActionMask = 2147483647;
			files = (
			);
			runOnlyForDeploymentPostprocessing = 0;
		};
		40EBD3692A21F1EF0001C547 /* Resources */ = {
			isa = PBXResourcesBuildPhase;
			buildActionMask = 2147483647;
			files = (
			);
			runOnlyForDeploymentPostprocessing = 0;
		};
/* End PBXResourcesBuildPhase section */

/* Begin PBXSourcesBuildPhase section */
		40EBD3472A21F1ED0001C547 /* Sources */ = {
			isa = PBXSourcesBuildPhase;
			buildActionMask = 2147483647;
			files = (
				40EBD3532A21F1ED0001C547 /* ViewController.swift in Sources */,
				40EBD34F2A21F1ED0001C547 /* AppDelegate.swift in Sources */,
				40EBD3512A21F1ED0001C547 /* SceneDelegate.swift in Sources */,
			);
			runOnlyForDeploymentPostprocessing = 0;
		};
		40EBD35D2A21F1EF0001C547 /* Sources */ = {
			isa = PBXSourcesBuildPhase;
			buildActionMask = 2147483647;
			files = (
				40EBD3662A21F1EF0001C547 /* LearTableViewTests.swift in Sources */,
			);
			runOnlyForDeploymentPostprocessing = 0;
		};
		40EBD3672A21F1EF0001C547 /* Sources */ = {
			isa = PBXSourcesBuildPhase;
			buildActionMask = 2147483647;
			files = (
				40EBD3722A21F1EF0001C547 /* LearTableViewUITestsLaunchTests.swift in Sources */,
				40EBD3702A21F1EF0001C547 /* LearTableViewUITests.swift in Sources */,
			);
			runOnlyForDeploymentPostprocessing = 0;
		};
/* End PBXSourcesBuildPhase section */

/* Begin PBXTargetDependency section */
		40EBD3632A21F1EF0001C547 /* PBXTargetDependency */ = {
			isa = PBXTargetDependency;
			target = 40EBD34A2A21F1ED0001C547 /* LearTableView */;
			targetProxy = 40EBD3622A21F1EF0001C547 /* PBXContainerItemProxy */;
		};
		40EBD36D2A21F1EF0001C547 /* PBXTargetDependency */ = {
			isa = PBXTargetDependency;
			target = 40EBD34A2A21F1ED0001C547 /* LearTableView */;
			targetProxy = 40EBD36C2A21F1EF0001C547 /* PBXContainerItemProxy */;
		};
/* End PBXTargetDependency section */

/* Begin PBXVariantGroup section */
		40EBD3542A21F1EE0001C547 /* Main.storyboard */ = {
			isa = PBXVariantGroup;
			children = (
				40EBD3552A21F1EE0001C547 /* Base */,
			);
			name = Main.storyboard;
			sourceTree = "<group>";
		};
		40EBD3592A21F1EF0001C547 /* LaunchScreen.storyboard */ = {
			isa = PBXVariantGroup;
			children = (
				40EBD35A2A21F1EF0001C547 /* Base */,
			);
			name = LaunchScreen.storyboard;
			sourceTree = "<group>";
		};
/* End PBXVariantGroup section */

/* Begin XCBuildConfiguration section */
		40EBD3732A21F1EF0001C547 /* Debug */ = {
			isa = XCBuildConfiguration;
			buildSettings = {
				ALWAYS_SEARCH_USER_PATHS = NO;
				CLANG_ANALYZER_NONNULL = YES;
				CLANG_ANALYZER_NUMBER_OBJECT_CONVERSION = YES_AGGRESSIVE;
				CLANG_CXX_LANGUAGE_STANDARD = "gnu++20";
				CLANG_ENABLE_MODULES = YES;
				CLANG_ENABLE_OBJC_ARC = YES;
				CLANG_ENABLE_OBJC_WEAK = YES;
				CLANG_WARN_BLOCK_CAPTURE_AUTORELEASING = YES;
				CLANG_WARN_BOOL_CONVERSION = YES;
				CLANG_WARN_COMMA = YES;
				CLANG_WARN_CONSTANT_CONVERSION = YES;
				CLANG_WARN_DEPRECATED_OBJC_IMPLEMENTATIONS = YES;
				CLANG_WARN_DIRECT_OBJC_ISA_USAGE = YES_ERROR;
				CLANG_WARN_DOCUMENTATION_COMMENTS = YES;
				CLANG_WARN_EMPTY_BODY = YES;
				CLANG_WARN_ENUM_CONVERSION = YES;
				CLANG_WARN_INFINITE_RECURSION = YES;
				CLANG_WARN_INT_CONVERSION = YES;
				CLANG_WARN_NON_LITERAL_NULL_CONVERSION = YES;
				CLANG_WARN_OBJC_IMPLICIT_RETAIN_SELF = YES;
				CLANG_WARN_OBJC_LITERAL_CONVERSION = YES;
				CLANG_WARN_OBJC_ROOT_CLASS = YES_ERROR;
				CLANG_WARN_QUOTED_INCLUDE_IN_FRAMEWORK_HEADER = YES;
				CLANG_WARN_RANGE_LOOP_ANALYSIS = YES;
				CLANG_WARN_STRICT_PROTOTYPES = YES;
				CLANG_WARN_SUSPICIOUS_MOVE = YES;
				CLANG_WARN_UNGUARDED_AVAILABILITY = YES_AGGRESSIVE;
				CLANG_WARN_UNREACHABLE_CODE = YES;
				CLANG_WARN__DUPLICATE_METHOD_MATCH = YES;
				COPY_PHASE_STRIP = NO;
				DEBUG_INFORMATION_FORMAT = dwarf;
				ENABLE_STRICT_OBJC_MSGSEND = YES;
				ENABLE_TESTABILITY = YES;
				GCC_C_LANGUAGE_STANDARD = gnu11;
				GCC_DYNAMIC_NO_PIC = NO;
				GCC_NO_COMMON_BLOCKS = YES;
				GCC_OPTIMIZATION_LEVEL = 0;
				GCC_PREPROCESSOR_DEFINITIONS = (
					"DEBUG=1",
					"$(inherited)",
				);
				GCC_WARN_64_TO_32_BIT_CONVERSION = YES;
				GCC_WARN_ABOUT_RETURN_TYPE = YES_ERROR;
				GCC_WARN_UNDECLARED_SELECTOR = YES;
				GCC_WARN_UNINITIALIZED_AUTOS = YES_AGGRESSIVE;
				GCC_WARN_UNUSED_FUNCTION = YES;
				GCC_WARN_UNUSED_VARIABLE = YES;
				IPHONEOS_DEPLOYMENT_TARGET = 16.4;
				MTL_ENABLE_DEBUG_INFO = INCLUDE_SOURCE;
				MTL_FAST_MATH = YES;
				ONLY_ACTIVE_ARCH = YES;
				SDKROOT = iphoneos;
				SWIFT_ACTIVE_COMPILATION_CONDITIONS = DEBUG;
				SWIFT_OPTIMIZATION_LEVEL = "-Onone";
			};
			name = Debug;
		};
		40EBD3742A21F1EF0001C547 /* Release */ = {
			isa = XCBuildConfiguration;
			buildSettings = {
				ALWAYS_SEARCH_USER_PATHS = NO;
				CLANG_ANALYZER_NONNULL = YES;
				CLANG_ANALYZER_NUMBER_OBJECT_CONVERSION = YES_AGGRESSIVE;
				CLANG_CXX_LANGUAGE_STANDARD = "gnu++20";
				CLANG_ENABLE_MODULES = YES;
				CLANG_ENABLE_OBJC_ARC = YES;
				CLANG_ENABLE_OBJC_WEAK = YES;
				CLANG_WARN_BLOCK_CAPTURE_AUTORELEASING = YES;
				CLANG_WARN_BOOL_CONVERSION = YES;
				CLANG_WARN_COMMA = YES;
				CLANG_WARN_CONSTANT_CONVERSION = YES;
				CLANG_WARN_DEPRECATED_OBJC_IMPLEMENTATIONS = YES;
				CLANG_WARN_DIRECT_OBJC_ISA_USAGE = YES_ERROR;
				CLANG_WARN_DOCUMENTATION_COMMENTS = YES;
				CLANG_WARN_EMPTY_BODY = YES;
				CLANG_WARN_ENUM_CONVERSION = YES;
				CLANG_WARN_INFINITE_RECURSION = YES;
				CLANG_WARN_INT_CONVERSION = YES;
				CLANG_WARN_NON_LITERAL_NULL_CONVERSION = YES;
				CLANG_WARN_OBJC_IMPLICIT_RETAIN_SELF = YES;
				CLANG_WARN_OBJC_LITERAL_CONVERSION = YES;
				CLANG_WARN_OBJC_ROOT_CLASS = YES_ERROR;
				CLANG_WARN_QUOTED_INCLUDE_IN_FRAMEWORK_HEADER = YES;
				CLANG_WARN_RANGE_LOOP_ANALYSIS = YES;
				CLANG_WARN_STRICT_PROTOTYPES = YES;
				CLANG_WARN_SUSPICIOUS_MOVE = YES;
				CLANG_WARN_UNGUARDED_AVAILABILITY = YES_AGGRESSIVE;
				CLANG_WARN_UNREACHABLE_CODE = YES;
				CLANG_WARN__DUPLICATE_METHOD_MATCH = YES;
				COPY_PHASE_STRIP = NO;
				DEBUG_INFORMATION_FORMAT = "dwarf-with-dsym";
				ENABLE_NS_ASSERTIONS = NO;
				ENABLE_STRICT_OBJC_MSGSEND = YES;
				GCC_C_LANGUAGE_STANDARD = gnu11;
				GCC_NO_COMMON_BLOCKS = YES;
				GCC_WARN_64_TO_32_BIT_CONVERSION = YES;
				GCC_WARN_ABOUT_RETURN_TYPE = YES_ERROR;
				GCC_WARN_UNDECLARED_SELECTOR = YES;
				GCC_WARN_UNINITIALIZED_AUTOS = YES_AGGRESSIVE;
				GCC_WARN_UNUSED_FUNCTION = YES;
				GCC_WARN_UNUSED_VARIABLE = YES;
				IPHONEOS_DEPLOYMENT_TARGET = 16.4;
				MTL_ENABLE_DEBUG_INFO = NO;
				MTL_FAST_MATH = YES;
				SDKROOT = iphoneos;
				SWIFT_COMPILATION_MODE = wholemodule;
				SWIFT_OPTIMIZATION_LEVEL = "-O";
				VALIDATE_PRODUCT = YES;
			};
			name = Release;
		};
		40EBD3762A21F1EF0001C547 /* Debug */ = {
			isa = XCBuildConfiguration;
			buildSettings = {
				ASSETCATALOG_COMPILER_APPICON_NAME = AppIcon;
				ASSETCATALOG_COMPILER_GLOBAL_ACCENT_COLOR_NAME = AccentColor;
				CODE_SIGN_STYLE = Automatic;
				CURRENT_PROJECT_VERSION = 1;
				DEVELOPMENT_TEAM = C6XQGQT9RS;
				GENERATE_INFOPLIST_FILE = YES;
				INFOPLIST_FILE = LearTableView/Info.plist;
				INFOPLIST_KEY_UIApplicationSupportsIndirectInputEvents = YES;
				INFOPLIST_KEY_UILaunchStoryboardName = LaunchScreen;
				INFOPLIST_KEY_UIMainStoryboardFile = Main;
				INFOPLIST_KEY_UISupportedInterfaceOrientations_iPad = "UIInterfaceOrientationPortrait UIInterfaceOrientationPortraitUpsideDown UIInterfaceOrientationLandscapeLeft UIInterfaceOrientationLandscapeRight";
				INFOPLIST_KEY_UISupportedInterfaceOrientations_iPhone = "UIInterfaceOrientationPortrait UIInterfaceOrientationLandscapeLeft UIInterfaceOrientationLandscapeRight";
				LD_RUNPATH_SEARCH_PATHS = (
					"$(inherited)",
					"@executable_path/Frameworks",
				);
				MARKETING_VERSION = 1.0;
				PRODUCT_BUNDLE_IDENTIFIER = com.hamzacaylan.LearTableView;
				PRODUCT_NAME = "$(TARGET_NAME)";
				SWIFT_EMIT_LOC_STRINGS = YES;
				SWIFT_VERSION = 5.0;
				TARGETED_DEVICE_FAMILY = "1,2";
			};
			name = Debug;
		};
		40EBD3772A21F1EF0001C547 /* Release */ = {
			isa = XCBuildConfiguration;
			buildSettings = {
				ASSETCATALOG_COMPILER_APPICON_NAME = AppIcon;
				ASSETCATALOG_COMPILER_GLOBAL_ACCENT_COLOR_NAME = AccentColor;
				CODE_SIGN_STYLE = Automatic;
				CURRENT_PROJECT_VERSION = 1;
				DEVELOPMENT_TEAM = C6XQGQT9RS;
				GENERATE_INFOPLIST_FILE = YES;
				INFOPLIST_FILE = LearTableView/Info.plist;
				INFOPLIST_KEY_UIApplicationSupportsIndirectInputEvents = YES;
				INFOPLIST_KEY_UILaunchStoryboardName = LaunchScreen;
				INFOPLIST_KEY_UIMainStoryboardFile = Main;
				INFOPLIST_KEY_UISupportedInterfaceOrientations_iPad = "UIInterfaceOrientationPortrait UIInterfaceOrientationPortraitUpsideDown UIInterfaceOrientationLandscapeLeft UIInterfaceOrientationLandscapeRight";
				INFOPLIST_KEY_UISupportedInterfaceOrientations_iPhone = "UIInterfaceOrientationPortrait UIInterfaceOrientationLandscapeLeft UIInterfaceOrientationLandscapeRight";
				LD_RUNPATH_SEARCH_PATHS = (
					"$(inherited)",
					"@executable_path/Frameworks",
				);
				MARKETING_VERSION = 1.0;
				PRODUCT_BUNDLE_IDENTIFIER = com.hamzacaylan.LearTableView;
				PRODUCT_NAME = "$(TARGET_NAME)";
				SWIFT_EMIT_LOC_STRINGS = YES;
				SWIFT_VERSION = 5.0;
				TARGETED_DEVICE_FAMILY = "1,2";
			};
			name = Release;
		};
		40EBD3792A21F1EF0001C547 /* Debug */ = {
			isa = XCBuildConfiguration;
			buildSettings = {
				ALWAYS_EMBED_SWIFT_STANDARD_LIBRARIES = YES;
				BUNDLE_LOADER = "$(TEST_HOST)";
				CODE_SIGN_STYLE = Automatic;
				CURRENT_PROJECT_VERSION = 1;
				DEVELOPMENT_TEAM = C6XQGQT9RS;
				GENERATE_INFOPLIST_FILE = YES;
				IPHONEOS_DEPLOYMENT_TARGET = 16.4;
				MARKETING_VERSION = 1.0;
				PRODUCT_BUNDLE_IDENTIFIER = com.hamzacaylan.LearTableViewTests;
				PRODUCT_NAME = "$(TARGET_NAME)";
				SWIFT_EMIT_LOC_STRINGS = NO;
				SWIFT_VERSION = 5.0;
				TARGETED_DEVICE_FAMILY = "1,2";
				TEST_HOST = "$(BUILT_PRODUCTS_DIR)/LearTableView.app/$(BUNDLE_EXECUTABLE_FOLDER_PATH)/LearTableView";
			};
			name = Debug;
		};
		40EBD37A2A21F1EF0001C547 /* Release */ = {
			isa = XCBuildConfiguration;
			buildSettings = {
				ALWAYS_EMBED_SWIFT_STANDARD_LIBRARIES = YES;
				BUNDLE_LOADER = "$(TEST_HOST)";
				CODE_SIGN_STYLE = Automatic;
				CURRENT_PROJECT_VERSION = 1;
				DEVELOPMENT_TEAM = C6XQGQT9RS;
				GENERATE_INFOPLIST_FILE = YES;
				IPHONEOS_DEPLOYMENT_TARGET = 16.4;
				MARKETING_VERSION = 1.0;
				PRODUCT_BUNDLE_IDENTIFIER = com.hamzacaylan.LearTableViewTests;
				PRODUCT_NAME = "$(TARGET_NAME)";
				SWIFT_EMIT_LOC_STRINGS = NO;
				SWIFT_VERSION = 5.0;
				TARGETED_DEVICE_FAMILY = "1,2";
				TEST_HOST = "$(BUILT_PRODUCTS_DIR)/LearTableView.app/$(BUNDLE_EXECUTABLE_FOLDER_PATH)/LearTableView";
			};
			name = Release;
		};
		40EBD37C2A21F1EF0001C547 /* Debug */ = {
			isa = XCBuildConfiguration;
			buildSettings = {
				ALWAYS_EMBED_SWIFT_STANDARD_LIBRARIES = YES;
				CODE_SIGN_STYLE = Automatic;
				CURRENT_PROJECT_VERSION = 1;
				DEVELOPMENT_TEAM = C6XQGQT9RS;
				GENERATE_INFOPLIST_FILE = YES;
				MARKETING_VERSION = 1.0;
				PRODUCT_BUNDLE_IDENTIFIER = com.hamzacaylan.LearTableViewUITests;
				PRODUCT_NAME = "$(TARGET_NAME)";
				SWIFT_EMIT_LOC_STRINGS = NO;
				SWIFT_VERSION = 5.0;
				TARGETED_DEVICE_FAMILY = "1,2";
				TEST_TARGET_NAME = LearTableView;
			};
			name = Debug;
		};
		40EBD37D2A21F1EF0001C547 /* Release */ = {
			isa = XCBuildConfiguration;
			buildSettings = {
				ALWAYS_EMBED_SWIFT_STANDARD_LIBRARIES = YES;
				CODE_SIGN_STYLE = Automatic;
				CURRENT_PROJECT_VERSION = 1;
				DEVELOPMENT_TEAM = C6XQGQT9RS;
				GENERATE_INFOPLIST_FILE = YES;
				MARKETING_VERSION = 1.0;
				PRODUCT_BUNDLE_IDENTIFIER = com.hamzacaylan.LearTableViewUITests;
				PRODUCT_NAME = "$(TARGET_NAME)";
				SWIFT_EMIT_LOC_STRINGS = NO;
				SWIFT_VERSION = 5.0;
				TARGETED_DEVICE_FAMILY = "1,2";
				TEST_TARGET_NAME = LearTableView;
			};
			name = Release;
		};
/* End XCBuildConfiguration section */

/* Begin XCConfigurationList section */
		40EBD3462A21F1ED0001C547 /* Build configuration list for PBXProject "LearTableView" */ = {
			isa = XCConfigurationList;
			buildConfigurations = (
				40EBD3732A21F1EF0001C547 /* Debug */,
				40EBD3742A21F1EF0001C547 /* Release */,
			);
			defaultConfigurationIsVisible = 0;
			defaultConfigurationName = Release;
		};
		40EBD3752A21F1EF0001C547 /* Build configuration list for PBXNativeTarget "LearTableView" */ = {
			isa = XCConfigurationList;
			buildConfigurations = (
				40EBD3762A21F1EF0001C547 /* Debug */,
				40EBD3772A21F1EF0001C547 /* Release */,
			);
			defaultConfigurationIsVisible = 0;
			defaultConfigurationName = Release;
		};
		40EBD3782A21F1EF0001C547 /* Build configuration list for PBXNativeTarget "LearTableViewTests" */ = {
			isa = XCConfigurationList;
			buildConfigurations = (
				40EBD3792A21F1EF0001C547 /* Debug */,
				40EBD37A2A21F1EF0001C547 /* Release */,
			);
			defaultConfigurationIsVisible = 0;
			defaultConfigurationName = Release;
		};
		40EBD37B2A21F1EF0001C547 /* Build configuration list for PBXNativeTarget "LearTableViewUITests" */ = {
			isa = XCConfigurationList;
			buildConfigurations = (
				40EBD37C2A21F1EF0001C547 /* Debug */,
				40EBD37D2A21F1EF0001C547 /* Release */,
			);
			defaultConfigurationIsVisible = 0;
			defaultConfigurationName = Release;
		};
/* End XCConfigurationList section */
	};
	rootObject = 40EBD3432A21F1ED0001C547 /* Project object */;
}
